
Microsoft Visual Studio Solution File, Format Version 12.00
# Visual Studio Version 16
VisualStudioVersion = 16.0.32002.261
MinimumVisualStudioVersion = 10.0.40219.1
Project("{FAE04EC0-301F-11D3-BF4B-00C04F79EFBC}") = "AEMO.API", "AEMO.API\AEMO.API.csproj", "{4BE79BCB-8A46-49F7-92F4-08B6C942D9AB}"
EndProject
Project("{2150E333-8FDC-42A3-9474-1A3956D46DE8}") = "Solution Items", "Solution Items", "{B9E410AA-7C47-46C2-968E-A0B6D114634F}"
	ProjectSection(SolutionItems) = preProject
		README.txt = README.txt
	EndProjectSection
EndProject
Global
	GlobalSection(SolutionConfigurationPlatforms) = preSolution
		Debug|Any CPU = Debug|Any CPU
		Release|Any CPU = Release|Any CPU
	EndGlobalSection
	GlobalSection(ProjectConfigurationPlatforms) = postSolution
		{4BE79BCB-8A46-49F7-92F4-08B6C942D9AB}.Debug|Any CPU.ActiveCfg = Debug|Any CPU
		{4BE79BCB-8A46-49F7-92F4-08B6C942D9AB}.Debug|Any CPU.Build.0 = Debug|Any CPU
		{4BE79BCB-8A46-49F7-92F4-08B6C942D9AB}.Release|Any CPU.ActiveCfg = Release|Any CPU
		{4BE79BCB-8A46-49F7-92F4-08B6C942D9AB}.Release|Any CPU.Build.0 = Release|Any CPU
	EndGlobalSection
	GlobalSection(SolutionProperties) = preSolution
		HideSolutionNode = FALSE
	EndGlobalSection
	GlobalSection(ExtensibilityGlobals) = postSolution
		SolutionGuid = {1BA3DD8B-957A-426C-9C09-174A008D74C7}
	EndGlobalSection
EndGlobal
